# This file is automatically @generated by Cargo.
# It is not intended for manual editing.
version = 4

[[package]]
name = "ftools"
version = "0.1.0"
dependencies = [
 "ttools",
]

[[package]]
name = "ttools"
version = "0.1.2"
source = "registry+https://github.com/rust-lang/crates.io-index"
checksum = "4b42316f66b27a4bf5f19da67ec71959b5566086bbeecd4bc089f9d3c1106361"
